
Microsoft Visual Studio Solution File, Format Version 12.00
# Visual Studio Version 17
VisualStudioVersion = 17.6.33723.286
MinimumVisualStudioVersion = 10.0.40219.1
Project("{FAE04EC0-301F-11D3-BF4B-00C04F79EFBC}") = "VLL.Web", "VLL.Web\VLL.Web.csproj", "{8B4ECFD6-840D-44AF-BAB0-29F2F41D6056}"
EndProject
Global
	GlobalSection(SolutionConfigurationPlatforms) = preSolution
		Debug|Any CPU = Debug|Any CPU
		Release|Any CPU = Release|Any CPU
	EndGlobalSection
	GlobalSection(ProjectConfigurationPlatforms) = postSolution
		{8B4ECFD6-840D-44AF-BAB0-29F2F41D6056}.Debug|Any CPU.ActiveCfg = Debug|Any CPU
		{8B4ECFD6-840D-44AF-BAB0-29F2F41D6056}.Debug|Any CPU.Build.0 = Debug|Any CPU
		{8B4ECFD6-840D-44AF-BAB0-29F2F41D6056}.Release|Any CPU.ActiveCfg = Release|Any CPU
		{8B4ECFD6-840D-44AF-BAB0-29F2F41D6056}.Release|Any CPU.Build.0 = Release|Any CPU
	EndGlobalSection
	GlobalSection(SolutionProperties) = preSolution
		HideSolutionNode = FALSE
	EndGlobalSection
	GlobalSection(ExtensibilityGlobals) = postSolution
		SolutionGuid = {41A545A4-A71B-4D18-A20D-E7DBDC07476F}
	EndGlobalSection
EndGlobal
